{
  "name": "@pk/add2",
  "version": "1.0.3",
  "lockfileVersion": 1,
  "requires": true,
  "dependencies": {
    "pk-add": {
      "version": "1.0.0",
      "resolved": "https://registry.npmjs.org/pk-add/-/pk-add-1.0.0.tgz",
      "integrity": "sha512-f+eLNI3K0O/EO2o4sM0ABgr2IU3IjgfZs1SY4UzZoXlhElOrIgwnTb6mmowkeELh2YCOqeGKm8mOwRvfLxj20w=="
    }
  }
}
